
Microsoft Visual Studio Solution File, Format Version 12.00
# Visual Studio Version 16
VisualStudioVersion = 16.0.29709.97
MinimumVisualStudioVersion = 10.0.40219.1
Project("{9A19103F-16F7-4668-BE54-9A1E7A4F7556}") = "Sophia.Core", "Sophia.Core\Sophia.Core.csproj", "{5EDE5834-BDCB-478A-880E-D6F9506B7131}"
EndProject
Project("{9A19103F-16F7-4668-BE54-9A1E7A4F7556}") = "Sophia.Editor", "Sophia.Editor\Sophia.Editor.csproj", "{96738FDD-01C8-4DBE-83CB-D3CD8E8E9A24}"
EndProject
Project("{9A19103F-16F7-4668-BE54-9A1E7A4F7556}") = "Sophia.Platform", "Sophia.Platform\Sophia.Platform.csproj", "{4952A773-E7D7-45F8-9777-D48BF70E0712}"
EndProject
Project("{FAE04EC0-301F-11D3-BF4B-00C04F79EFBC}") = "Sophia.Tests", "Sophia.Tests\Sophia.Tests.csproj", "{0FD041DA-1B6C-4D61-8C5C-82DCA1F5E38B}"
EndProject
Global
	GlobalSection(SolutionConfigurationPlatforms) = preSolution
		Debug|Any CPU = Debug|Any CPU
		Release|Any CPU = Release|Any CPU
	EndGlobalSection
	GlobalSection(ProjectConfigurationPlatforms) = postSolution
		{5EDE5834-BDCB-478A-880E-D6F9506B7131}.Debug|Any CPU.ActiveCfg = Debug|Any CPU
		{5EDE5834-BDCB-478A-880E-D6F9506B7131}.Debug|Any CPU.Build.0 = Debug|Any CPU
		{5EDE5834-BDCB-478A-880E-D6F9506B7131}.Release|Any CPU.ActiveCfg = Release|Any CPU
		{5EDE5834-BDCB-478A-880E-D6F9506B7131}.Release|Any CPU.Build.0 = Release|Any CPU
		{96738FDD-01C8-4DBE-83CB-D3CD8E8E9A24}.Debug|Any CPU.ActiveCfg = Debug|Any CPU
		{96738FDD-01C8-4DBE-83CB-D3CD8E8E9A24}.Debug|Any CPU.Build.0 = Debug|Any CPU
		{96738FDD-01C8-4DBE-83CB-D3CD8E8E9A24}.Release|Any CPU.ActiveCfg = Release|Any CPU
		{96738FDD-01C8-4DBE-83CB-D3CD8E8E9A24}.Release|Any CPU.Build.0 = Release|Any CPU
		{4952A773-E7D7-45F8-9777-D48BF70E0712}.Debug|Any CPU.ActiveCfg = Debug|Any CPU
		{4952A773-E7D7-45F8-9777-D48BF70E0712}.Debug|Any CPU.Build.0 = Debug|Any CPU
		{4952A773-E7D7-45F8-9777-D48BF70E0712}.Release|Any CPU.ActiveCfg = Release|Any CPU
		{4952A773-E7D7-45F8-9777-D48BF70E0712}.Release|Any CPU.Build.0 = Release|Any CPU
		{0FD041DA-1B6C-4D61-8C5C-82DCA1F5E38B}.Debug|Any CPU.ActiveCfg = Debug|Any CPU
		{0FD041DA-1B6C-4D61-8C5C-82DCA1F5E38B}.Debug|Any CPU.Build.0 = Debug|Any CPU
		{0FD041DA-1B6C-4D61-8C5C-82DCA1F5E38B}.Release|Any CPU.ActiveCfg = Release|Any CPU
		{0FD041DA-1B6C-4D61-8C5C-82DCA1F5E38B}.Release|Any CPU.Build.0 = Release|Any CPU
	EndGlobalSection
	GlobalSection(SolutionProperties) = preSolution
		HideSolutionNode = FALSE
	EndGlobalSection
	GlobalSection(ExtensibilityGlobals) = postSolution
		SolutionGuid = {11C6B930-89FC-4A14-BDDF-F6CA43381F33}
	EndGlobalSection
EndGlobal
